
Microsoft Visual Studio Solution File, Format Version 12.00
# Visual Studio 15
VisualStudioVersion = 15.0.28307.421
MinimumVisualStudioVersion = 10.0.40219.1
Project("{FAE04EC0-301F-11D3-BF4B-00C04F79EFBC}") = "Quiz_25032020", "Quiz_25032020\Quiz_25032020.csproj", "{2C86835B-73FD-4E64-9202-E171AF8D5C09}"
EndProject
Global
	GlobalSection(SolutionConfigurationPlatforms) = preSolution
		Debug|Any CPU = Debug|Any CPU
		Release|Any CPU = Release|Any CPU
	EndGlobalSection
	GlobalSection(ProjectConfigurationPlatforms) = postSolution
		{2C86835B-73FD-4E64-9202-E171AF8D5C09}.Debug|Any CPU.ActiveCfg = Debug|Any CPU
		{2C86835B-73FD-4E64-9202-E171AF8D5C09}.Debug|Any CPU.Build.0 = Debug|Any CPU
		{2C86835B-73FD-4E64-9202-E171AF8D5C09}.Release|Any CPU.ActiveCfg = Release|Any CPU
		{2C86835B-73FD-4E64-9202-E171AF8D5C09}.Release|Any CPU.Build.0 = Release|Any CPU
	EndGlobalSection
	GlobalSection(SolutionProperties) = preSolution
		HideSolutionNode = FALSE
	EndGlobalSection
	GlobalSection(ExtensibilityGlobals) = postSolution
		SolutionGuid = {A58F2BE8-145C-4B75-8597-F71A4B0786A7}
	EndGlobalSection
EndGlobal
